{
  "name": "@distopik/audiocloud-types",
  "version": "1.0.0",
  "lockfileVersion": 2,
  "requires": true,
  "packages": {
    "": {
      "name": "@distopik/audiocloud-types",
      "version": "1.0.0",
      "license": "ISC",
      "dependencies": {
        "@sinclair/typebox": "^0.20.5"
      },
      "devDependencies": {
        "prettier": "^2.4.1"
      }
    },
    "node_modules/@sinclair/typebox": {
      "version": "0.20.5",
      "resolved": "https://registry.npmjs.org/@sinclair/typebox/-/typebox-0.20.5.tgz",
      "integrity": "sha512-WNiVFcS1rdz5KyEutpl3Wmp/AwSQHBUFTyJz7KqMLkpLhOXCj1dnvMytBM6uMS5OTwhwwq877T7EC4vDGrX5Eg=="
    },
    "node_modules/prettier": {
      "version": "2.4.1",
      "resolved": "https://registry.npmjs.org/prettier/-/prettier-2.4.1.tgz",
      "integrity": "sha512-9fbDAXSBcc6Bs1mZrDYb3XKzDLm4EXXL9sC1LqKP5rZkT6KRr/rf9amVUcODVXgguK/isJz0d0hP72WeaKWsvA==",
      "dev": true,
      "bin": {
        "prettier": "bin-prettier.js"
      },
      "engines": {
        "node": ">=10.13.0"
      }
    }
  },
  "dependencies": {
    "@sinclair/typebox": {
      "version": "0.20.5",
      "resolved": "https://registry.npmjs.org/@sinclair/typebox/-/typebox-0.20.5.tgz",
      "integrity": "sha512-WNiVFcS1rdz5KyEutpl3Wmp/AwSQHBUFTyJz7KqMLkpLhOXCj1dnvMytBM6uMS5OTwhwwq877T7EC4vDGrX5Eg=="
    },
    "prettier": {
      "version": "2.4.1",
      "resolved": "https://registry.npmjs.org/prettier/-/prettier-2.4.1.tgz",
      "integrity": "sha512-9fbDAXSBcc6Bs1mZrDYb3XKzDLm4EXXL9sC1LqKP5rZkT6KRr/rf9amVUcODVXgguK/isJz0d0hP72WeaKWsvA==",
      "dev": true
    }
  }
}
